
Microsoft Visual Studio Solution File, Format Version 12.00
# Visual Studio Version 17
VisualStudioVersion = 17.7.34031.279
MinimumVisualStudioVersion = 10.0.40219.1
Project("{FAE04EC0-301F-11D3-BF4B-00C04F79EFBC}") = "пр 3", "пр 3\пр 3.csproj", "{F6E22E82-F9F4-4121-8CC0-2E51D5740344}"
EndProject
Global
	GlobalSection(SolutionConfigurationPlatforms) = preSolution
		Debug|Any CPU = Debug|Any CPU
		Release|Any CPU = Release|Any CPU
	EndGlobalSection
	GlobalSection(ProjectConfigurationPlatforms) = postSolution
		{F6E22E82-F9F4-4121-8CC0-2E51D5740344}.Debug|Any CPU.ActiveCfg = Debug|Any CPU
		{F6E22E82-F9F4-4121-8CC0-2E51D5740344}.Debug|Any CPU.Build.0 = Debug|Any CPU
		{F6E22E82-F9F4-4121-8CC0-2E51D5740344}.Release|Any CPU.ActiveCfg = Release|Any CPU
		{F6E22E82-F9F4-4121-8CC0-2E51D5740344}.Release|Any CPU.Build.0 = Release|Any CPU
	EndGlobalSection
	GlobalSection(SolutionProperties) = preSolution
		HideSolutionNode = FALSE
	EndGlobalSection
	GlobalSection(ExtensibilityGlobals) = postSolution
		SolutionGuid = {1F3959C8-68D6-47A1-BA48-BE9509ABCED6}
	EndGlobalSection
EndGlobal
